schema: '2.0'
stages:
  data_collection:
    cmd: python3 src/data/data_collection.py
    deps:
    - path: src/data/data_collection.py
      hash: md5
      md5: df8287cc843f7cb6c7df053d725c79d6
      size: 1948
    params:
      params.yaml:
        data_collection.test_size: 0.4
        data_collection.test_size: 0.4
    outs:
    - path: data/raw
      hash: md5
      md5: 4308677cb1621ebed5d876707a7935ad.dir
      md5: 4308677cb1621ebed5d876707a7935ad.dir
      size: 518984
      nfiles: 2
  data_preprocessing:
    cmd: python3 src/data/data_prep.py
    deps:
    - path: data/raw/
      hash: md5
      md5: 4308677cb1621ebed5d876707a7935ad.dir
      md5: 4308677cb1621ebed5d876707a7935ad.dir
      size: 518984
      nfiles: 2
    - path: src/data/data_prep.py
      hash: md5
      md5: 4adcc5ffe8c84628738c9a66d74950ef
      size: 1802
    outs:
    - path: data/processed/
      hash: md5
      md5: 52a212b10a47a076a29cdd0c3f092158.dir
      size: 542886
      md5: 52a212b10a47a076a29cdd0c3f092158.dir
      size: 542886
      nfiles: 2
  model_building:
    cmd: python3 src/model/model_building.py
    deps:
    - path: data/processed/
      hash: md5
      md5: 52a212b10a47a076a29cdd0c3f092158.dir
      size: 542886
      md5: 52a212b10a47a076a29cdd0c3f092158.dir
      size: 542886
      nfiles: 2
    - path: src/model/model_building.py
      hash: md5
      md5: cdc595cac6ad0eda88e950630466b970
      size: 1969
    params:
      params.yaml:
        model_building.n_estimators: 500
    outs:
    - path: models/model.pkl
      hash: md5
      md5: 12dde6cad10f955e2e3ae6611289314c
      size: 42091242
  model_eval:
    cmd: python3 src/model/model_eval.py
    deps:
    - path: models/model.pkl
      hash: md5
      md5: 12dde6cad10f955e2e3ae6611289314c
      size: 42091242
    - path: src/model/model_eval.py
      hash: md5
      md5: bf0a36ef72ec58c79693985ab4756664
      size: 2981
    outs:
    - path: reports/metrics.json
      hash: md5
      md5: 1142eed863514f854a19ec116aacec73
      size: 140
